// !$*UTF8*$!
{
	archiveVersion = 1;
	classes = {
	};
	objectVersion = 51;
	objects = {

/* Begin PBXBuildFile section */
		B479F8D81C35017BDE13E4A0 /* Pods_advanceAppIOS.framework in Frameworks */ = {isa = PBXBuildFile; fileRef = 98CA336A2F1C6B773442871D /* Pods_advanceAppIOS.framework */; };
		D92D95C1234662EE00CBE92C /* PersonTableViewCell.swift in Sources */ = {isa = PBXBuildFile; fileRef = D92D95BF234662EE00CBE92C /* PersonTableViewCell.swift */; };
		D92D95C2234662EE00CBE92C /* PersonTableViewCell.xib in Resources */ = {isa = PBXBuildFile; fileRef = D92D95C0234662EE00CBE92C /* PersonTableViewCell.xib */; };
		D92D95C72346660F00CBE92C /* UIView+Utils.swift in Sources */ = {isa = PBXBuildFile; fileRef = D92D95C62346660F00CBE92C /* UIView+Utils.swift */; };
		D92D95CC234667BC00CBE92C /* PersonCollectionViewCell.swift in Sources */ = {isa = PBXBuildFile; fileRef = D92D95CA234667BC00CBE92C /* PersonCollectionViewCell.swift */; };
		D92D95CD234667BC00CBE92C /* PersonCollectionViewCell.xib in Resources */ = {isa = PBXBuildFile; fileRef = D92D95CB234667BC00CBE92C /* PersonCollectionViewCell.xib */; };
		D98452542356286D00A23167 /* IdDTO.swift in Sources */ = {isa = PBXBuildFile; fileRef = D98452532356286D00A23167 /* IdDTO.swift */; };
		D98F7FBE2346514300D7D2EC /* UserViewController.swift in Sources */ = {isa = PBXBuildFile; fileRef = D98F7FBD2346514300D7D2EC /* UserViewController.swift */; };
		D98F7FC6234652BC00D7D2EC /* Splash.storyboard in Resources */ = {isa = PBXBuildFile; fileRef = D98F7FC5234652BC00D7D2EC /* Splash.storyboard */; };
		D98F7FCB234653A200D7D2EC /* SplashViewController.swift in Sources */ = {isa = PBXBuildFile; fileRef = D98F7FCA234653A200D7D2EC /* SplashViewController.swift */; };
		D99BBEE4234B835B00556BD6 /* TimezoneDTO.swift in Sources */ = {isa = PBXBuildFile; fileRef = D99BBEE3234B835B00556BD6 /* TimezoneDTO.swift */; };
		D99BBEE6234B891E00556BD6 /* DatabaseManager.swift in Sources */ = {isa = PBXBuildFile; fileRef = D99BBEE5234B891E00556BD6 /* DatabaseManager.swift */; };
		D99BBEEA234BAEC200556BD6 /* ApiManager.swift in Sources */ = {isa = PBXBuildFile; fileRef = D99BBEE9234BAEC200556BD6 /* ApiManager.swift */; };
		D9B1E7D12347B699003BDE55 /* UserDAO.swift in Sources */ = {isa = PBXBuildFile; fileRef = D9B1E7D02347B699003BDE55 /* UserDAO.swift */; };
		D9B1E7D52347BF2D003BDE55 /* UsersDTO.swift in Sources */ = {isa = PBXBuildFile; fileRef = D9B1E7D42347BF2D003BDE55 /* UsersDTO.swift */; };
		D9B1E7D72347C108003BDE55 /* InfoDTO.swift in Sources */ = {isa = PBXBuildFile; fileRef = D9B1E7D62347C108003BDE55 /* InfoDTO.swift */; };
		D9B1E7D92347C26D003BDE55 /* UserDTO.swift in Sources */ = {isa = PBXBuildFile; fileRef = D9B1E7D82347C26D003BDE55 /* UserDTO.swift */; };
		D9B1E7DB2347C4C9003BDE55 /* NameDTO.swift in Sources */ = {isa = PBXBuildFile; fileRef = D9B1E7DA2347C4C9003BDE55 /* NameDTO.swift */; };
		D9B1E7DD2347C587003BDE55 /* LocationDTO.swift in Sources */ = {isa = PBXBuildFile; fileRef = D9B1E7DC2347C587003BDE55 /* LocationDTO.swift */; };
		D9B1E7DF2347C67B003BDE55 /* CoordinatesDTO.swift in Sources */ = {isa = PBXBuildFile; fileRef = D9B1E7DE2347C67B003BDE55 /* CoordinatesDTO.swift */; };
		D9B1E7E12347C71F003BDE55 /* LoginDTO.swift in Sources */ = {isa = PBXBuildFile; fileRef = D9B1E7E02347C71F003BDE55 /* LoginDTO.swift */; };
		D9B1E7E32347C827003BDE55 /* DobDTO.swift in Sources */ = {isa = PBXBuildFile; fileRef = D9B1E7E22347C827003BDE55 /* DobDTO.swift */; };
		D9B1E7E52347C8BF003BDE55 /* RegisteredDTO.swift in Sources */ = {isa = PBXBuildFile; fileRef = D9B1E7E42347C8BF003BDE55 /* RegisteredDTO.swift */; };
		D9B1E7E72347C90B003BDE55 /* PictureDTO.swift in Sources */ = {isa = PBXBuildFile; fileRef = D9B1E7E62347C90B003BDE55 /* PictureDTO.swift */; };
		D9B1E7E92347CB18003BDE55 /* StreetDTO.swift in Sources */ = {isa = PBXBuildFile; fileRef = D9B1E7E82347CB18003BDE55 /* StreetDTO.swift */; };
		D9B1E7EB2347CC7C003BDE55 /* DataManager.swift in Sources */ = {isa = PBXBuildFile; fileRef = D9B1E7EA2347CC7C003BDE55 /* DataManager.swift */; };
		D9BADE0A234E3F3D00238196 /* lottie_charge.json in Resources */ = {isa = PBXBuildFile; fileRef = D9BADE09234E3F3D00238196 /* lottie_charge.json */; };
		D9BADE0D234E543600238196 /* users.json in Resources */ = {isa = PBXBuildFile; fileRef = D9BADE0C234E543600238196 /* users.json */; };
		D9D08BE92346499000F17D4A /* AppDelegate.swift in Sources */ = {isa = PBXBuildFile; fileRef = D9D08BE82346499000F17D4A /* AppDelegate.swift */; };
		D9D08BEB2346499000F17D4A /* SceneDelegate.swift in Sources */ = {isa = PBXBuildFile; fileRef = D9D08BEA2346499000F17D4A /* SceneDelegate.swift */; };
		D9D08BF02346499100F17D4A /* Main.storyboard in Resources */ = {isa = PBXBuildFile; fileRef = D9D08BEE2346499100F17D4A /* Main.storyboard */; };
		D9D08BF22346499300F17D4A /* Assets.xcassets in Resources */ = {isa = PBXBuildFile; fileRef = D9D08BF12346499300F17D4A /* Assets.xcassets */; };
		D9D08BF52346499300F17D4A /* Launch.storyboard in Resources */ = {isa = PBXBuildFile; fileRef = D9D08BF32346499300F17D4A /* Launch.storyboard */; };
		D9FCEF99234CEE9F00BD6405 /* User.swift in Sources */ = {isa = PBXBuildFile; fileRef = D9FCEF98234CEE9F00BD6405 /* User.swift */; };
/* End PBXBuildFile section */

/* Begin PBXFileReference section */
		07FF45B3D9CCD7766B350EE6 /* Pods-advanceAppIOS.release.xcconfig */ = {isa = PBXFileReference; includeInIndex = 1; lastKnownFileType = text.xcconfig; name = "Pods-advanceAppIOS.release.xcconfig"; path = "Target Support Files/Pods-advanceAppIOS/Pods-advanceAppIOS.release.xcconfig"; sourceTree = "<group>"; };
		5EE889AA302CF8719F74C44B /* Pods-advanceAppIOS.debug.xcconfig */ = {isa = PBXFileReference; includeInIndex = 1; lastKnownFileType = text.xcconfig; name = "Pods-advanceAppIOS.debug.xcconfig"; path = "Target Support Files/Pods-advanceAppIOS/Pods-advanceAppIOS.debug.xcconfig"; sourceTree = "<group>"; };
		98CA336A2F1C6B773442871D /* Pods_advanceAppIOS.framework */ = {isa = PBXFileReference; explicitFileType = wrapper.framework; includeInIndex = 0; path = Pods_advanceAppIOS.framework; sourceTree = BUILT_PRODUCTS_DIR; };
		D92D95BF234662EE00CBE92C /* PersonTableViewCell.swift */ = {isa = PBXFileReference; lastKnownFileType = sourcecode.swift; path = PersonTableViewCell.swift; sourceTree = "<group>"; };
		D92D95C0234662EE00CBE92C /* PersonTableViewCell.xib */ = {isa = PBXFileReference; lastKnownFileType = file.xib; path = PersonTableViewCell.xib; sourceTree = "<group>"; };
		D92D95C62346660F00CBE92C /* UIView+Utils.swift */ = {isa = PBXFileReference; lastKnownFileType = sourcecode.swift; path = "UIView+Utils.swift"; sourceTree = "<group>"; };
		D92D95CA234667BC00CBE92C /* PersonCollectionViewCell.swift */ = {isa = PBXFileReference; lastKnownFileType = sourcecode.swift; path = PersonCollectionViewCell.swift; sourceTree = "<group>"; };
		D92D95CB234667BC00CBE92C /* PersonCollectionViewCell.xib */ = {isa = PBXFileReference; lastKnownFileType = file.xib; path = PersonCollectionViewCell.xib; sourceTree = "<group>"; };
		D98452532356286D00A23167 /* IdDTO.swift */ = {isa = PBXFileReference; fileEncoding = 4; lastKnownFileType = sourcecode.swift; path = IdDTO.swift; sourceTree = "<group>"; };
		D98F7FBD2346514300D7D2EC /* UserViewController.swift */ = {isa = PBXFileReference; lastKnownFileType = sourcecode.swift; path = UserViewController.swift; sourceTree = "<group>"; };
		D98F7FC5234652BC00D7D2EC /* Splash.storyboard */ = {isa = PBXFileReference; lastKnownFileType = file.storyboard; path = Splash.storyboard; sourceTree = "<group>"; };
		D98F7FCA234653A200D7D2EC /* SplashViewController.swift */ = {isa = PBXFileReference; lastKnownFileType = sourcecode.swift; path = SplashViewController.swift; sourceTree = "<group>"; };
		D99BBEE3234B835B00556BD6 /* TimezoneDTO.swift */ = {isa = PBXFileReference; lastKnownFileType = sourcecode.swift; path = TimezoneDTO.swift; sourceTree = "<group>"; };
		D99BBEE5234B891E00556BD6 /* DatabaseManager.swift */ = {isa = PBXFileReference; lastKnownFileType = sourcecode.swift; path = DatabaseManager.swift; sourceTree = "<group>"; };
		D99BBEE9234BAEC200556BD6 /* ApiManager.swift */ = {isa = PBXFileReference; lastKnownFileType = sourcecode.swift; path = ApiManager.swift; sourceTree = "<group>"; };
		D9B1E7D02347B699003BDE55 /* UserDAO.swift */ = {isa = PBXFileReference; lastKnownFileType = sourcecode.swift; path = UserDAO.swift; sourceTree = "<group>"; };
		D9B1E7D42347BF2D003BDE55 /* UsersDTO.swift */ = {isa = PBXFileReference; lastKnownFileType = sourcecode.swift; path = UsersDTO.swift; sourceTree = "<group>"; };
		D9B1E7D62347C108003BDE55 /* InfoDTO.swift */ = {isa = PBXFileReference; lastKnownFileType = sourcecode.swift; path = InfoDTO.swift; sourceTree = "<group>"; };
		D9B1E7D82347C26D003BDE55 /* UserDTO.swift */ = {isa = PBXFileReference; lastKnownFileType = sourcecode.swift; path = UserDTO.swift; sourceTree = "<group>"; };
		D9B1E7DA2347C4C9003BDE55 /* NameDTO.swift */ = {isa = PBXFileReference; lastKnownFileType = sourcecode.swift; path = NameDTO.swift; sourceTree = "<group>"; };
		D9B1E7DC2347C587003BDE55 /* LocationDTO.swift */ = {isa = PBXFileReference; lastKnownFileType = sourcecode.swift; path = LocationDTO.swift; sourceTree = "<group>"; };
		D9B1E7DE2347C67B003BDE55 /* CoordinatesDTO.swift */ = {isa = PBXFileReference; lastKnownFileType = sourcecode.swift; path = CoordinatesDTO.swift; sourceTree = "<group>"; };
		D9B1E7E02347C71F003BDE55 /* LoginDTO.swift */ = {isa = PBXFileReference; lastKnownFileType = sourcecode.swift; path = LoginDTO.swift; sourceTree = "<group>"; };
		D9B1E7E22347C827003BDE55 /* DobDTO.swift */ = {isa = PBXFileReference; lastKnownFileType = sourcecode.swift; path = DobDTO.swift; sourceTree = "<group>"; };
		D9B1E7E42347C8BF003BDE55 /* RegisteredDTO.swift */ = {isa = PBXFileReference; lastKnownFileType = sourcecode.swift; path = RegisteredDTO.swift; sourceTree = "<group>"; };
		D9B1E7E62347C90B003BDE55 /* PictureDTO.swift */ = {isa = PBXFileReference; lastKnownFileType = sourcecode.swift; path = PictureDTO.swift; sourceTree = "<group>"; };
		D9B1E7E82347CB18003BDE55 /* StreetDTO.swift */ = {isa = PBXFileReference; lastKnownFileType = sourcecode.swift; path = StreetDTO.swift; sourceTree = "<group>"; };
		D9B1E7EA2347CC7C003BDE55 /* DataManager.swift */ = {isa = PBXFileReference; lastKnownFileType = sourcecode.swift; path = DataManager.swift; sourceTree = "<group>"; };
		D9BADE09234E3F3D00238196 /* lottie_charge.json */ = {isa = PBXFileReference; fileEncoding = 4; lastKnownFileType = text.json; path = lottie_charge.json; sourceTree = "<group>"; };
		D9BADE0C234E543600238196 /* users.json */ = {isa = PBXFileReference; fileEncoding = 4; lastKnownFileType = text.json; path = users.json; sourceTree = "<group>"; };
		D9D08BE52346499000F17D4A /* advanceAppIOS.app */ = {isa = PBXFileReference; explicitFileType = wrapper.application; includeInIndex = 0; path = advanceAppIOS.app; sourceTree = BUILT_PRODUCTS_DIR; };
		D9D08BE82346499000F17D4A /* AppDelegate.swift */ = {isa = PBXFileReference; lastKnownFileType = sourcecode.swift; path = AppDelegate.swift; sourceTree = "<group>"; };
		D9D08BEA2346499000F17D4A /* SceneDelegate.swift */ = {isa = PBXFileReference; lastKnownFileType = sourcecode.swift; path = SceneDelegate.swift; sourceTree = "<group>"; };
		D9D08BEF2346499100F17D4A /* Base */ = {isa = PBXFileReference; lastKnownFileType = file.storyboard; name = Base; path = Base.lproj/Main.storyboard; sourceTree = "<group>"; };
		D9D08BF12346499300F17D4A /* Assets.xcassets */ = {isa = PBXFileReference; lastKnownFileType = folder.assetcatalog; path = Assets.xcassets; sourceTree = "<group>"; };
		D9D08BF42346499300F17D4A /* Base */ = {isa = PBXFileReference; lastKnownFileType = file.storyboard; name = Base; path = Base.lproj/Launch.storyboard; sourceTree = "<group>"; };
		D9D08BF62346499300F17D4A /* Info.plist */ = {isa = PBXFileReference; lastKnownFileType = text.plist.xml; path = Info.plist; sourceTree = "<group>"; };
		D9FCEF98234CEE9F00BD6405 /* User.swift */ = {isa = PBXFileReference; lastKnownFileType = sourcecode.swift; path = User.swift; sourceTree = "<group>"; };
/* End PBXFileReference section */

/* Begin PBXFrameworksBuildPhase section */
		D9D08BE22346499000F17D4A /* Frameworks */ = {
			isa = PBXFrameworksBuildPhase;
			buildActionMask = 2147483647;
			files = (
				B479F8D81C35017BDE13E4A0 /* Pods_advanceAppIOS.framework in Frameworks */,
			);
			runOnlyForDeploymentPostprocessing = 0;
		};
/* End PBXFrameworksBuildPhase section */

/* Begin PBXGroup section */
		A6FD32EB816EE9B3DB9279D3 /* Pods */ = {
			isa = PBXGroup;
			children = (
				5EE889AA302CF8719F74C44B /* Pods-advanceAppIOS.debug.xcconfig */,
				07FF45B3D9CCD7766B350EE6 /* Pods-advanceAppIOS.release.xcconfig */,
			);
			path = Pods;
			sourceTree = "<group>";
		};
		C903840552D2CF5CDB7C7063 /* Frameworks */ = {
			isa = PBXGroup;
			children = (
				98CA336A2F1C6B773442871D /* Pods_advanceAppIOS.framework */,
			);
			name = Frameworks;
			sourceTree = "<group>";
		};
		D92D95C32346630600CBE92C /* Cell */ = {
			isa = PBXGroup;
			children = (
				D92D95BF234662EE00CBE92C /* PersonTableViewCell.swift */,
				D92D95C0234662EE00CBE92C /* PersonTableViewCell.xib */,
				D92D95CA234667BC00CBE92C /* PersonCollectionViewCell.swift */,
				D92D95CB234667BC00CBE92C /* PersonCollectionViewCell.xib */,
			);
			path = Cell;
			sourceTree = "<group>";
		};
		D92D95C42346633B00CBE92C /* Resources */ = {
			isa = PBXGroup;
			children = (
				D9BADE09234E3F3D00238196 /* lottie_charge.json */,
				D9BADE0C234E543600238196 /* users.json */,
				D9D08BF12346499300F17D4A /* Assets.xcassets */,
			);
			path = Resources;
			sourceTree = "<group>";
		};
		D92D95C5234665D400CBE92C /* Extensions */ = {
			isa = PBXGroup;
			children = (
				D92D95C62346660F00CBE92C /* UIView+Utils.swift */,
			);
			path = Extensions;
			sourceTree = "<group>";
		};
		D92D95C82346667E00CBE92C /* Data */ = {
			isa = PBXGroup;
			children = (
				D9B1E7EA2347CC7C003BDE55 /* DataManager.swift */,
				D9B1E7D22347BEE4003BDE55 /* Remote */,
				D9B1E7CE2347B66F003BDE55 /* Local */,
				D9FCEF96234CEE7200BD6405 /* Views */,
			);
			path = Data;
			sourceTree = "<group>";
		};
		D92D95C9234666E100CBE92C /* Controller */ = {
			isa = PBXGroup;
			children = (
				D98F7FCA234653A200D7D2EC /* SplashViewController.swift */,
				D98F7FBD2346514300D7D2EC /* UserViewController.swift */,
			);
			path = Controller;
			sourceTree = "<group>";
		};
		D98F7FC7234652D000D7D2EC /* UI */ = {
			isa = PBXGroup;
			children = (
				D98F7FC8234652EE00D7D2EC /* Storyboard */,
				D92D95C32346630600CBE92C /* Cell */,
				D92D95C9234666E100CBE92C /* Controller */,
			);
			path = UI;
			sourceTree = "<group>";
		};
		D98F7FC8234652EE00D7D2EC /* Storyboard */ = {
			isa = PBXGroup;
			children = (
				D9D08BF32346499300F17D4A /* Launch.storyboard */,
				D98F7FC5234652BC00D7D2EC /* Splash.storyboard */,
				D9D08BEE2346499100F17D4A /* Main.storyboard */,
			);
			path = Storyboard;
			sourceTree = "<group>";
		};
		D98F7FC92346532200D7D2EC /* App */ = {
			isa = PBXGroup;
			children = (
				D9D08BE82346499000F17D4A /* AppDelegate.swift */,
				D9D08BEA2346499000F17D4A /* SceneDelegate.swift */,
			);
			path = App;
			sourceTree = "<group>";
		};
		D9B1E7CE2347B66F003BDE55 /* Local */ = {
			isa = PBXGroup;
			children = (
				D99BBEE5234B891E00556BD6 /* DatabaseManager.swift */,
				D9B1E7CF2347B679003BDE55 /* Models */,
			);
			path = Local;
			sourceTree = "<group>";
		};
		D9B1E7CF2347B679003BDE55 /* Models */ = {
			isa = PBXGroup;
			children = (
				D9B1E7D02347B699003BDE55 /* UserDAO.swift */,
			);
			path = Models;
			sourceTree = "<group>";
		};
		D9B1E7D22347BEE4003BDE55 /* Remote */ = {
			isa = PBXGroup;
			children = (
				D99BBEE9234BAEC200556BD6 /* ApiManager.swift */,
				D9B1E7D32347BEF2003BDE55 /* Models */,
			);
			path = Remote;
			sourceTree = "<group>";
		};
		D9B1E7D32347BEF2003BDE55 /* Models */ = {
			isa = PBXGroup;
			children = (
				D9B1E7D42347BF2D003BDE55 /* UsersDTO.swift */,
				D9B1E7D62347C108003BDE55 /* InfoDTO.swift */,
				D9B1E7D82347C26D003BDE55 /* UserDTO.swift */,
				D9B1E7E22347C827003BDE55 /* DobDTO.swift */,
				D99BBEE3234B835B00556BD6 /* TimezoneDTO.swift */,
				D9B1E7DA2347C4C9003BDE55 /* NameDTO.swift */,
				D9B1E7E62347C90B003BDE55 /* PictureDTO.swift */,
				D9B1E7DE2347C67B003BDE55 /* CoordinatesDTO.swift */,
				D9B1E7DC2347C587003BDE55 /* LocationDTO.swift */,
				D9B1E7E02347C71F003BDE55 /* LoginDTO.swift */,
				D9B1E7E42347C8BF003BDE55 /* RegisteredDTO.swift */,
				D9B1E7E82347CB18003BDE55 /* StreetDTO.swift */,
				D98452532356286D00A23167 /* IdDTO.swift */,
			);
			path = Models;
			sourceTree = "<group>";
		};
		D9D08BDC2346499000F17D4A = {
			isa = PBXGroup;
			children = (
				D9D08BE72346499000F17D4A /* advanceAppIOS */,
				D9D08BE62346499000F17D4A /* Products */,
				A6FD32EB816EE9B3DB9279D3 /* Pods */,
				C903840552D2CF5CDB7C7063 /* Frameworks */,
			);
			sourceTree = "<group>";
		};
		D9D08BE62346499000F17D4A /* Products */ = {
			isa = PBXGroup;
			children = (
				D9D08BE52346499000F17D4A /* advanceAppIOS.app */,
			);
			name = Products;
			sourceTree = "<group>";
		};
		D9D08BE72346499000F17D4A /* advanceAppIOS */ = {
			isa = PBXGroup;
			children = (
				D9D08BF62346499300F17D4A /* Info.plist */,
				D98F7FC92346532200D7D2EC /* App */,
				D92D95C42346633B00CBE92C /* Resources */,
				D92D95C5234665D400CBE92C /* Extensions */,
				D92D95C82346667E00CBE92C /* Data */,
				D98F7FC7234652D000D7D2EC /* UI */,
			);
			path = advanceAppIOS;
			sourceTree = "<group>";
		};
		D9FCEF96234CEE7200BD6405 /* Views */ = {
			isa = PBXGroup;
			children = (
				D9FCEF97234CEE8200BD6405 /* Models */,
			);
			path = Views;
			sourceTree = "<group>";
		};
		D9FCEF97234CEE8200BD6405 /* Models */ = {
			isa = PBXGroup;
			children = (
				D9FCEF98234CEE9F00BD6405 /* User.swift */,
			);
			path = Models;
			sourceTree = "<group>";
		};
/* End PBXGroup section */

/* Begin PBXNativeTarget section */
		D9D08BE42346499000F17D4A /* advanceAppIOS */ = {
			isa = PBXNativeTarget;
			buildConfigurationList = D9D08BF92346499300F17D4A /* Build configuration list for PBXNativeTarget "advanceAppIOS" */;
			buildPhases = (
				7B5E1EF6AB10596E051A94CA /* [CP] Check Pods Manifest.lock */,
				D9D08BE12346499000F17D4A /* Sources */,
				D9D08BE22346499000F17D4A /* Frameworks */,
				D9D08BE32346499000F17D4A /* Resources */,
				2618D13196B14D5899F9BAD5 /* [CP] Embed Pods Frameworks */,
			);
			buildRules = (
			);
			dependencies = (
			);
			name = advanceAppIOS;
			productName = advanceAppIOS;
			productReference = D9D08BE52346499000F17D4A /* advanceAppIOS.app */;
			productType = "com.apple.product-type.application";
		};
/* End PBXNativeTarget section */

/* Begin PBXProject section */
		D9D08BDD2346499000F17D4A /* Project object */ = {
			isa = PBXProject;
			attributes = {
				LastSwiftUpdateCheck = 1100;
				LastUpgradeCheck = 1100;
				ORGANIZATIONNAME = kolbStudio;
				TargetAttributes = {
					D9D08BE42346499000F17D4A = {
						CreatedOnToolsVersion = 11.0;
					};
				};
			};
			buildConfigurationList = D9D08BE02346499000F17D4A /* Build configuration list for PBXProject "advanceAppIOS" */;
			compatibilityVersion = "Xcode 9.3";
			developmentRegion = en;
			hasScannedForEncodings = 0;
			knownRegions = (
				en,
				Base,
			);
			mainGroup = D9D08BDC2346499000F17D4A;
			productRefGroup = D9D08BE62346499000F17D4A /* Products */;
			projectDirPath = "";
			projectRoot = "";
			targets = (
				D9D08BE42346499000F17D4A /* advanceAppIOS */,
			);
		};
/* End PBXProject section */

/* Begin PBXResourcesBuildPhase section */
		D9D08BE32346499000F17D4A /* Resources */ = {
			isa = PBXResourcesBuildPhase;
			buildActionMask = 2147483647;
			files = (
				D9D08BF52346499300F17D4A /* Launch.storyboard in Resources */,
				D92D95C2234662EE00CBE92C /* PersonTableViewCell.xib in Resources */,
				D9D08BF22346499300F17D4A /* Assets.xcassets in Resources */,
				D9D08BF02346499100F17D4A /* Main.storyboard in Resources */,
				D92D95CD234667BC00CBE92C /* PersonCollectionViewCell.xib in Resources */,
				D9BADE0D234E543600238196 /* users.json in Resources */,
				D98F7FC6234652BC00D7D2EC /* Splash.storyboard in Resources */,
				D9BADE0A234E3F3D00238196 /* lottie_charge.json in Resources */,
			);
			runOnlyForDeploymentPostprocessing = 0;
		};
/* End PBXResourcesBuildPhase section */

/* Begin PBXShellScriptBuildPhase section */
		2618D13196B14D5899F9BAD5 /* [CP] Embed Pods Frameworks */ = {
			isa = PBXShellScriptBuildPhase;
			buildActionMask = 2147483647;
			files = (
			);
			inputFileListPaths = (
				"${PODS_ROOT}/Target Support Files/Pods-advanceAppIOS/Pods-advanceAppIOS-frameworks-${CONFIGURATION}-input-files.xcfilelist",
			);
			name = "[CP] Embed Pods Frameworks";
			outputFileListPaths = (
				"${PODS_ROOT}/Target Support Files/Pods-advanceAppIOS/Pods-advanceAppIOS-frameworks-${CONFIGURATION}-output-files.xcfilelist",
			);
			runOnlyForDeploymentPostprocessing = 0;
			shellPath = /bin/sh;
			shellScript = "\"${PODS_ROOT}/Target Support Files/Pods-advanceAppIOS/Pods-advanceAppIOS-frameworks.sh\"\n";
			showEnvVarsInLog = 0;
		};
		7B5E1EF6AB10596E051A94CA /* [CP] Check Pods Manifest.lock */ = {
			isa = PBXShellScriptBuildPhase;
			buildActionMask = 2147483647;
			files = (
			);
			inputFileListPaths = (
			);
			inputPaths = (
				"${PODS_PODFILE_DIR_PATH}/Podfile.lock",
				"${PODS_ROOT}/Manifest.lock",
			);
			name = "[CP] Check Pods Manifest.lock";
			outputFileListPaths = (
			);
			outputPaths = (
				"$(DERIVED_FILE_DIR)/Pods-advanceAppIOS-checkManifestLockResult.txt",
			);
			runOnlyForDeploymentPostprocessing = 0;
			shellPath = /bin/sh;
			shellScript = "diff \"${PODS_PODFILE_DIR_PATH}/Podfile.lock\" \"${PODS_ROOT}/Manifest.lock\" > /dev/null\nif [ $? != 0 ] ; then\n    # print error to STDERR\n    echo \"error: The sandbox is not in sync with the Podfile.lock. Run 'pod install' or update your CocoaPods installation.\" >&2\n    exit 1\nfi\n# This output is used by Xcode 'outputs' to avoid re-running this script phase.\necho \"SUCCESS\" > \"${SCRIPT_OUTPUT_FILE_0}\"\n";
			showEnvVarsInLog = 0;
		};
/* End PBXShellScriptBuildPhase section */

/* Begin PBXSourcesBuildPhase section */
		D9D08BE12346499000F17D4A /* Sources */ = {
			isa = PBXSourcesBuildPhase;
			buildActionMask = 2147483647;
			files = (
				D9B1E7DB2347C4C9003BDE55 /* NameDTO.swift in Sources */,
				D98F7FBE2346514300D7D2EC /* UserViewController.swift in Sources */,
				D98452542356286D00A23167 /* IdDTO.swift in Sources */,
				D9FCEF99234CEE9F00BD6405 /* User.swift in Sources */,
				D9B1E7D72347C108003BDE55 /* InfoDTO.swift in Sources */,
				D92D95C72346660F00CBE92C /* UIView+Utils.swift in Sources */,
				D99BBEE6234B891E00556BD6 /* DatabaseManager.swift in Sources */,
				D9B1E7E72347C90B003BDE55 /* PictureDTO.swift in Sources */,
				D9D08BE92346499000F17D4A /* AppDelegate.swift in Sources */,
				D9B1E7D12347B699003BDE55 /* UserDAO.swift in Sources */,
				D9B1E7E92347CB18003BDE55 /* StreetDTO.swift in Sources */,
				D9B1E7D92347C26D003BDE55 /* UserDTO.swift in Sources */,
				D99BBEE4234B835B00556BD6 /* TimezoneDTO.swift in Sources */,
				D9B1E7EB2347CC7C003BDE55 /* DataManager.swift in Sources */,
				D9D08BEB2346499000F17D4A /* SceneDelegate.swift in Sources */,
				D9B1E7E12347C71F003BDE55 /* LoginDTO.swift in Sources */,
				D9B1E7DF2347C67B003BDE55 /* CoordinatesDTO.swift in Sources */,
				D99BBEEA234BAEC200556BD6 /* ApiManager.swift in Sources */,
				D98F7FCB234653A200D7D2EC /* SplashViewController.swift in Sources */,
				D9B1E7E32347C827003BDE55 /* DobDTO.swift in Sources */,
				D92D95C1234662EE00CBE92C /* PersonTableViewCell.swift in Sources */,
				D9B1E7D52347BF2D003BDE55 /* UsersDTO.swift in Sources */,
				D9B1E7DD2347C587003BDE55 /* LocationDTO.swift in Sources */,
				D92D95CC234667BC00CBE92C /* PersonCollectionViewCell.swift in Sources */,
				D9B1E7E52347C8BF003BDE55 /* RegisteredDTO.swift in Sources */,
			);
			runOnlyForDeploymentPostprocessing = 0;
		};
/* End PBXSourcesBuildPhase section */

/* Begin PBXVariantGroup section */
		D9D08BEE2346499100F17D4A /* Main.storyboard */ = {
			isa = PBXVariantGroup;
			children = (
				D9D08BEF2346499100F17D4A /* Base */,
			);
			name = Main.storyboard;
			sourceTree = "<group>";
		};
		D9D08BF32346499300F17D4A /* Launch.storyboard */ = {
			isa = PBXVariantGroup;
			children = (
				D9D08BF42346499300F17D4A /* Base */,
			);
			name = Launch.storyboard;
			sourceTree = "<group>";
		};
/* End PBXVariantGroup section */

/* Begin XCBuildConfiguration section */
		D9D08BF72346499300F17D4A /* Debug */ = {
			isa = XCBuildConfiguration;
			buildSettings = {
				ALWAYS_SEARCH_USER_PATHS = NO;
				CLANG_ANALYZER_NONNULL = YES;
				CLANG_ANALYZER_NUMBER_OBJECT_CONVERSION = YES_AGGRESSIVE;
				CLANG_CXX_LANGUAGE_STANDARD = "gnu++14";
				CLANG_CXX_LIBRARY = "libc++";
				CLANG_ENABLE_MODULES = YES;
				CLANG_ENABLE_OBJC_ARC = YES;
				CLANG_ENABLE_OBJC_WEAK = YES;
				CLANG_WARN_BLOCK_CAPTURE_AUTORELEASING = YES;
				CLANG_WARN_BOOL_CONVERSION = YES;
				CLANG_WARN_COMMA = YES;
				CLANG_WARN_CONSTANT_CONVERSION = YES;
				CLANG_WARN_DEPRECATED_OBJC_IMPLEMENTATIONS = YES;
				CLANG_WARN_DIRECT_OBJC_ISA_USAGE = YES_ERROR;
				CLANG_WARN_DOCUMENTATION_COMMENTS = YES;
				CLANG_WARN_EMPTY_BODY = YES;
				CLANG_WARN_ENUM_CONVERSION = YES;
				CLANG_WARN_INFINITE_RECURSION = YES;
				CLANG_WARN_INT_CONVERSION = YES;
				CLANG_WARN_NON_LITERAL_NULL_CONVERSION = YES;
				CLANG_WARN_OBJC_IMPLICIT_RETAIN_SELF = YES;
				CLANG_WARN_OBJC_LITERAL_CONVERSION = YES;
				CLANG_WARN_OBJC_ROOT_CLASS = YES_ERROR;
				CLANG_WARN_RANGE_LOOP_ANALYSIS = YES;
				CLANG_WARN_STRICT_PROTOTYPES = YES;
				CLANG_WARN_SUSPICIOUS_MOVE = YES;
				CLANG_WARN_UNGUARDED_AVAILABILITY = YES_AGGRESSIVE;
				CLANG_WARN_UNREACHABLE_CODE = YES;
				CLANG_WARN__DUPLICATE_METHOD_MATCH = YES;
				COPY_PHASE_STRIP = NO;
				DEBUG_INFORMATION_FORMAT = dwarf;
				ENABLE_STRICT_OBJC_MSGSEND = YES;
				ENABLE_TESTABILITY = YES;
				GCC_C_LANGUAGE_STANDARD = gnu11;
				GCC_DYNAMIC_NO_PIC = NO;
				GCC_NO_COMMON_BLOCKS = YES;
				GCC_OPTIMIZATION_LEVEL = 0;
				GCC_PREPROCESSOR_DEFINITIONS = (
					"DEBUG=1",
					"$(inherited)",
				);
				GCC_WARN_64_TO_32_BIT_CONVERSION = YES;
				GCC_WARN_ABOUT_RETURN_TYPE = YES_ERROR;
				GCC_WARN_UNDECLARED_SELECTOR = YES;
				GCC_WARN_UNINITIALIZED_AUTOS = YES_AGGRESSIVE;
				GCC_WARN_UNUSED_FUNCTION = YES;
				GCC_WARN_UNUSED_VARIABLE = YES;
				IPHONEOS_DEPLOYMENT_TARGET = 13.0;
				MTL_ENABLE_DEBUG_INFO = INCLUDE_SOURCE;
				MTL_FAST_MATH = YES;
				ONLY_ACTIVE_ARCH = YES;
				SDKROOT = iphoneos;
				SWIFT_ACTIVE_COMPILATION_CONDITIONS = DEBUG;
				SWIFT_OPTIMIZATION_LEVEL = "-Onone";
			};
			name = Debug;
		};
		D9D08BF82346499300F17D4A /* Release */ = {
			isa = XCBuildConfiguration;
			buildSettings = {
				ALWAYS_SEARCH_USER_PATHS = NO;
				CLANG_ANALYZER_NONNULL = YES;
				CLANG_ANALYZER_NUMBER_OBJECT_CONVERSION = YES_AGGRESSIVE;
				CLANG_CXX_LANGUAGE_STANDARD = "gnu++14";
				CLANG_CXX_LIBRARY = "libc++";
				CLANG_ENABLE_MODULES = YES;
				CLANG_ENABLE_OBJC_ARC = YES;
				CLANG_ENABLE_OBJC_WEAK = YES;
				CLANG_WARN_BLOCK_CAPTURE_AUTORELEASING = YES;
				CLANG_WARN_BOOL_CONVERSION = YES;
				CLANG_WARN_COMMA = YES;
				CLANG_WARN_CONSTANT_CONVERSION = YES;
				CLANG_WARN_DEPRECATED_OBJC_IMPLEMENTATIONS = YES;
				CLANG_WARN_DIRECT_OBJC_ISA_USAGE = YES_ERROR;
				CLANG_WARN_DOCUMENTATION_COMMENTS = YES;
				CLANG_WARN_EMPTY_BODY = YES;
				CLANG_WARN_ENUM_CONVERSION = YES;
				CLANG_WARN_INFINITE_RECURSION = YES;
				CLANG_WARN_INT_CONVERSION = YES;
				CLANG_WARN_NON_LITERAL_NULL_CONVERSION = YES;
				CLANG_WARN_OBJC_IMPLICIT_RETAIN_SELF = YES;
				CLANG_WARN_OBJC_LITERAL_CONVERSION = YES;
				CLANG_WARN_OBJC_ROOT_CLASS = YES_ERROR;
				CLANG_WARN_RANGE_LOOP_ANALYSIS = YES;
				CLANG_WARN_STRICT_PROTOTYPES = YES;
				CLANG_WARN_SUSPICIOUS_MOVE = YES;
				CLANG_WARN_UNGUARDED_AVAILABILITY = YES_AGGRESSIVE;
				CLANG_WARN_UNREACHABLE_CODE = YES;
				CLANG_WARN__DUPLICATE_METHOD_MATCH = YES;
				COPY_PHASE_STRIP = NO;
				DEBUG_INFORMATION_FORMAT = "dwarf-with-dsym";
				ENABLE_NS_ASSERTIONS = NO;
				ENABLE_STRICT_OBJC_MSGSEND = YES;
				GCC_C_LANGUAGE_STANDARD = gnu11;
				GCC_NO_COMMON_BLOCKS = YES;
				GCC_WARN_64_TO_32_BIT_CONVERSION = YES;
				GCC_WARN_ABOUT_RETURN_TYPE = YES_ERROR;
				GCC_WARN_UNDECLARED_SELECTOR = YES;
				GCC_WARN_UNINITIALIZED_AUTOS = YES_AGGRESSIVE;
				GCC_WARN_UNUSED_FUNCTION = YES;
				GCC_WARN_UNUSED_VARIABLE = YES;
				IPHONEOS_DEPLOYMENT_TARGET = 13.0;
				MTL_ENABLE_DEBUG_INFO = NO;
				MTL_FAST_MATH = YES;
				SDKROOT = iphoneos;
				SWIFT_COMPILATION_MODE = wholemodule;
				SWIFT_OPTIMIZATION_LEVEL = "-O";
				VALIDATE_PRODUCT = YES;
			};
			name = Release;
		};
		D9D08BFA2346499300F17D4A /* Debug */ = {
			isa = XCBuildConfiguration;
			baseConfigurationReference = 5EE889AA302CF8719F74C44B /* Pods-advanceAppIOS.debug.xcconfig */;
			buildSettings = {
				ASSETCATALOG_COMPILER_APPICON_NAME = ic_mad;
				CODE_SIGN_STYLE = Automatic;
				DEVELOPMENT_TEAM = 7ZSJKW89DB;
				INFOPLIST_FILE = advanceAppIOS/Info.plist;
				LD_RUNPATH_SEARCH_PATHS = (
					"$(inherited)",
					"@executable_path/Frameworks",
				);
				PRODUCT_BUNDLE_IDENTIFIER = com.kolbStudio.advanceAppIOS;
				PRODUCT_NAME = "$(TARGET_NAME)";
				SWIFT_VERSION = 5.0;
				TARGETED_DEVICE_FAMILY = "1,2";
			};
			name = Debug;
		};
		D9D08BFB2346499300F17D4A /* Release */ = {
			isa = XCBuildConfiguration;
			baseConfigurationReference = 07FF45B3D9CCD7766B350EE6 /* Pods-advanceAppIOS.release.xcconfig */;
			buildSettings = {
				ASSETCATALOG_COMPILER_APPICON_NAME = ic_mad;
				CODE_SIGN_STYLE = Automatic;
				DEVELOPMENT_TEAM = 7ZSJKW89DB;
				INFOPLIST_FILE = advanceAppIOS/Info.plist;
				LD_RUNPATH_SEARCH_PATHS = (
					"$(inherited)",
					"@executable_path/Frameworks",
				);
				PRODUCT_BUNDLE_IDENTIFIER = com.kolbStudio.advanceAppIOS;
				PRODUCT_NAME = "$(TARGET_NAME)";
				SWIFT_VERSION = 5.0;
				TARGETED_DEVICE_FAMILY = "1,2";
			};
			name = Release;
		};
/* End XCBuildConfiguration section */

/* Begin XCConfigurationList section */
		D9D08BE02346499000F17D4A /* Build configuration list for PBXProject "advanceAppIOS" */ = {
			isa = XCConfigurationList;
			buildConfigurations = (
				D9D08BF72346499300F17D4A /* Debug */,
				D9D08BF82346499300F17D4A /* Release */,
			);
			defaultConfigurationIsVisible = 0;
			defaultConfigurationName = Release;
		};
		D9D08BF92346499300F17D4A /* Build configuration list for PBXNativeTarget "advanceAppIOS" */ = {
			isa = XCConfigurationList;
			buildConfigurations = (
				D9D08BFA2346499300F17D4A /* Debug */,
				D9D08BFB2346499300F17D4A /* Release */,
			);
			defaultConfigurationIsVisible = 0;
			defaultConfigurationName = Release;
		};
/* End XCConfigurationList section */
	};
	rootObject = D9D08BDD2346499000F17D4A /* Project object */;
}
