// !$*UTF8*$!
{
	archiveVersion = 1;
	classes = {
	};
	objectVersion = 51;
	objects = {

/* Begin PBXBuildFile section */
		0ECC22E96983E0CC219EA05E /* Pods_advanceAppIOS.framework in Frameworks */ = {isa = PBXBuildFile; fileRef = A8F77A6DB6C3C015FA523BC4 /* Pods_advanceAppIOS.framework */; };
		D9AEACC3234523E700B4FCCE /* AppDelegate.swift in Sources */ = {isa = PBXBuildFile; fileRef = D9AEACC2234523E700B4FCCE /* AppDelegate.swift */; };
		D9AEACC5234523E700B4FCCE /* SceneDelegate.swift in Sources */ = {isa = PBXBuildFile; fileRef = D9AEACC4234523E700B4FCCE /* SceneDelegate.swift */; };
		D9AEACC7234523E700B4FCCE /* ViewController.swift in Sources */ = {isa = PBXBuildFile; fileRef = D9AEACC6234523E700B4FCCE /* ViewController.swift */; };
		D9AEACCA234523E700B4FCCE /* Main.storyboard in Resources */ = {isa = PBXBuildFile; fileRef = D9AEACC8234523E700B4FCCE /* Main.storyboard */; };
		D9AEACCC234523E900B4FCCE /* Assets.xcassets in Resources */ = {isa = PBXBuildFile; fileRef = D9AEACCB234523E900B4FCCE /* Assets.xcassets */; };
		D9AEACCF234523E900B4FCCE /* LaunchScreen.storyboard in Resources */ = {isa = PBXBuildFile; fileRef = D9AEACCD234523E900B4FCCE /* LaunchScreen.storyboard */; };
/* End PBXBuildFile section */

/* Begin PBXFileReference section */
		25EFA8E907287002BF8AFB0D /* Pods-advanceAppIOS.release.xcconfig */ = {isa = PBXFileReference; includeInIndex = 1; lastKnownFileType = text.xcconfig; name = "Pods-advanceAppIOS.release.xcconfig"; path = "Target Support Files/Pods-advanceAppIOS/Pods-advanceAppIOS.release.xcconfig"; sourceTree = "<group>"; };
		3EC91C8345238A1F087F0299 /* Pods-advanceAppIOS.debug.xcconfig */ = {isa = PBXFileReference; includeInIndex = 1; lastKnownFileType = text.xcconfig; name = "Pods-advanceAppIOS.debug.xcconfig"; path = "Target Support Files/Pods-advanceAppIOS/Pods-advanceAppIOS.debug.xcconfig"; sourceTree = "<group>"; };
		A8F77A6DB6C3C015FA523BC4 /* Pods_advanceAppIOS.framework */ = {isa = PBXFileReference; explicitFileType = wrapper.framework; includeInIndex = 0; path = Pods_advanceAppIOS.framework; sourceTree = BUILT_PRODUCTS_DIR; };
		D9AEACBF234523E700B4FCCE /* advanceAppIOS.app */ = {isa = PBXFileReference; explicitFileType = wrapper.application; includeInIndex = 0; path = advanceAppIOS.app; sourceTree = BUILT_PRODUCTS_DIR; };
		D9AEACC2234523E700B4FCCE /* AppDelegate.swift */ = {isa = PBXFileReference; lastKnownFileType = sourcecode.swift; path = AppDelegate.swift; sourceTree = "<group>"; };
		D9AEACC4234523E700B4FCCE /* SceneDelegate.swift */ = {isa = PBXFileReference; lastKnownFileType = sourcecode.swift; path = SceneDelegate.swift; sourceTree = "<group>"; };
		D9AEACC6234523E700B4FCCE /* ViewController.swift */ = {isa = PBXFileReference; lastKnownFileType = sourcecode.swift; path = ViewController.swift; sourceTree = "<group>"; };
		D9AEACC9234523E700B4FCCE /* Base */ = {isa = PBXFileReference; lastKnownFileType = file.storyboard; name = Base; path = Base.lproj/Main.storyboard; sourceTree = "<group>"; };
		D9AEACCB234523E900B4FCCE /* Assets.xcassets */ = {isa = PBXFileReference; lastKnownFileType = folder.assetcatalog; path = Assets.xcassets; sourceTree = "<group>"; };
		D9AEACCE234523E900B4FCCE /* Base */ = {isa = PBXFileReference; lastKnownFileType = file.storyboard; name = Base; path = Base.lproj/LaunchScreen.storyboard; sourceTree = "<group>"; };
		D9AEACD0234523E900B4FCCE /* Info.plist */ = {isa = PBXFileReference; lastKnownFileType = text.plist.xml; path = Info.plist; sourceTree = "<group>"; };
/* End PBXFileReference section */

/* Begin PBXFrameworksBuildPhase section */
		D9AEACBC234523E700B4FCCE /* Frameworks */ = {
			isa = PBXFrameworksBuildPhase;
			buildActionMask = 2147483647;
			files = (
				0ECC22E96983E0CC219EA05E /* Pods_advanceAppIOS.framework in Frameworks */,
			);
			runOnlyForDeploymentPostprocessing = 0;
		};
/* End PBXFrameworksBuildPhase section */

/* Begin PBXGroup section */
		63282F0E25A50B5699D5F013 /* Frameworks */ = {
			isa = PBXGroup;
			children = (
				A8F77A6DB6C3C015FA523BC4 /* Pods_advanceAppIOS.framework */,
			);
			name = Frameworks;
			sourceTree = "<group>";
		};
		D9AEACB6234523E700B4FCCE = {
			isa = PBXGroup;
			children = (
				D9AEACC1234523E700B4FCCE /* advanceAppIOS */,
				D9AEACC0234523E700B4FCCE /* Products */,
				DDFDC1760A1A5C781D6C7CE7 /* Pods */,
				63282F0E25A50B5699D5F013 /* Frameworks */,
			);
			sourceTree = "<group>";
		};
		D9AEACC0234523E700B4FCCE /* Products */ = {
			isa = PBXGroup;
			children = (
				D9AEACBF234523E700B4FCCE /* advanceAppIOS.app */,
			);
			name = Products;
			sourceTree = "<group>";
		};
		D9AEACC1234523E700B4FCCE /* advanceAppIOS */ = {
			isa = PBXGroup;
			children = (
				D9AEACC2234523E700B4FCCE /* AppDelegate.swift */,
				D9AEACC4234523E700B4FCCE /* SceneDelegate.swift */,
				D9AEACC6234523E700B4FCCE /* ViewController.swift */,
				D9AEACC8234523E700B4FCCE /* Main.storyboard */,
				D9AEACCB234523E900B4FCCE /* Assets.xcassets */,
				D9AEACCD234523E900B4FCCE /* LaunchScreen.storyboard */,
				D9AEACD0234523E900B4FCCE /* Info.plist */,
			);
			path = advanceAppIOS;
			sourceTree = "<group>";
		};
		DDFDC1760A1A5C781D6C7CE7 /* Pods */ = {
			isa = PBXGroup;
			children = (
				3EC91C8345238A1F087F0299 /* Pods-advanceAppIOS.debug.xcconfig */,
				25EFA8E907287002BF8AFB0D /* Pods-advanceAppIOS.release.xcconfig */,
			);
			path = Pods;
			sourceTree = "<group>";
		};
/* End PBXGroup section */

/* Begin PBXNativeTarget section */
		D9AEACBE234523E700B4FCCE /* advanceAppIOS */ = {
			isa = PBXNativeTarget;
			buildConfigurationList = D9AEACD3234523E900B4FCCE /* Build configuration list for PBXNativeTarget "advanceAppIOS" */;
			buildPhases = (
				A12B0CA999A2A3D1CDE3ED4B /* [CP] Check Pods Manifest.lock */,
				D9AEACBB234523E700B4FCCE /* Sources */,
				D9AEACBC234523E700B4FCCE /* Frameworks */,
				D9AEACBD234523E700B4FCCE /* Resources */,
				EBC229AD62AE91481C53B970 /* [CP] Embed Pods Frameworks */,
			);
			buildRules = (
			);
			dependencies = (
			);
			name = advanceAppIOS;
			productName = advanceAppIOS;
			productReference = D9AEACBF234523E700B4FCCE /* advanceAppIOS.app */;
			productType = "com.apple.product-type.application";
		};
/* End PBXNativeTarget section */

/* Begin PBXProject section */
		D9AEACB7234523E700B4FCCE /* Project object */ = {
			isa = PBXProject;
			attributes = {
				LastSwiftUpdateCheck = 1100;
				LastUpgradeCheck = 1100;
				ORGANIZATIONNAME = kolbStudio;
				TargetAttributes = {
					D9AEACBE234523E700B4FCCE = {
						CreatedOnToolsVersion = 11.0;
					};
				};
			};
			buildConfigurationList = D9AEACBA234523E700B4FCCE /* Build configuration list for PBXProject "advanceAppIOS" */;
			compatibilityVersion = "Xcode 9.3";
			developmentRegion = en;
			hasScannedForEncodings = 0;
			knownRegions = (
				en,
				Base,
			);
			mainGroup = D9AEACB6234523E700B4FCCE;
			productRefGroup = D9AEACC0234523E700B4FCCE /* Products */;
			projectDirPath = "";
			projectRoot = "";
			targets = (
				D9AEACBE234523E700B4FCCE /* advanceAppIOS */,
			);
		};
/* End PBXProject section */

/* Begin PBXResourcesBuildPhase section */
		D9AEACBD234523E700B4FCCE /* Resources */ = {
			isa = PBXResourcesBuildPhase;
			buildActionMask = 2147483647;
			files = (
				D9AEACCF234523E900B4FCCE /* LaunchScreen.storyboard in Resources */,
				D9AEACCC234523E900B4FCCE /* Assets.xcassets in Resources */,
				D9AEACCA234523E700B4FCCE /* Main.storyboard in Resources */,
			);
			runOnlyForDeploymentPostprocessing = 0;
		};
/* End PBXResourcesBuildPhase section */

/* Begin PBXShellScriptBuildPhase section */
		A12B0CA999A2A3D1CDE3ED4B /* [CP] Check Pods Manifest.lock */ = {
			isa = PBXShellScriptBuildPhase;
			buildActionMask = 2147483647;
			files = (
			);
			inputFileListPaths = (
			);
			inputPaths = (
				"${PODS_PODFILE_DIR_PATH}/Podfile.lock",
				"${PODS_ROOT}/Manifest.lock",
			);
			name = "[CP] Check Pods Manifest.lock";
			outputFileListPaths = (
			);
			outputPaths = (
				"$(DERIVED_FILE_DIR)/Pods-advanceAppIOS-checkManifestLockResult.txt",
			);
			runOnlyForDeploymentPostprocessing = 0;
			shellPath = /bin/sh;
			shellScript = "diff \"${PODS_PODFILE_DIR_PATH}/Podfile.lock\" \"${PODS_ROOT}/Manifest.lock\" > /dev/null\nif [ $? != 0 ] ; then\n    # print error to STDERR\n    echo \"error: The sandbox is not in sync with the Podfile.lock. Run 'pod install' or update your CocoaPods installation.\" >&2\n    exit 1\nfi\n# This output is used by Xcode 'outputs' to avoid re-running this script phase.\necho \"SUCCESS\" > \"${SCRIPT_OUTPUT_FILE_0}\"\n";
			showEnvVarsInLog = 0;
		};
		EBC229AD62AE91481C53B970 /* [CP] Embed Pods Frameworks */ = {
			isa = PBXShellScriptBuildPhase;
			buildActionMask = 2147483647;
			files = (
			);
			inputFileListPaths = (
				"${PODS_ROOT}/Target Support Files/Pods-advanceAppIOS/Pods-advanceAppIOS-frameworks-${CONFIGURATION}-input-files.xcfilelist",
			);
			name = "[CP] Embed Pods Frameworks";
			outputFileListPaths = (
				"${PODS_ROOT}/Target Support Files/Pods-advanceAppIOS/Pods-advanceAppIOS-frameworks-${CONFIGURATION}-output-files.xcfilelist",
			);
			runOnlyForDeploymentPostprocessing = 0;
			shellPath = /bin/sh;
			shellScript = "\"${PODS_ROOT}/Target Support Files/Pods-advanceAppIOS/Pods-advanceAppIOS-frameworks.sh\"\n";
			showEnvVarsInLog = 0;
		};
/* End PBXShellScriptBuildPhase section */

/* Begin PBXSourcesBuildPhase section */
		D9AEACBB234523E700B4FCCE /* Sources */ = {
			isa = PBXSourcesBuildPhase;
			buildActionMask = 2147483647;
			files = (
				D9AEACC7234523E700B4FCCE /* ViewController.swift in Sources */,
				D9AEACC3234523E700B4FCCE /* AppDelegate.swift in Sources */,
				D9AEACC5234523E700B4FCCE /* SceneDelegate.swift in Sources */,
			);
			runOnlyForDeploymentPostprocessing = 0;
		};
/* End PBXSourcesBuildPhase section */

/* Begin PBXVariantGroup section */
		D9AEACC8234523E700B4FCCE /* Main.storyboard */ = {
			isa = PBXVariantGroup;
			children = (
				D9AEACC9234523E700B4FCCE /* Base */,
			);
			name = Main.storyboard;
			sourceTree = "<group>";
		};
		D9AEACCD234523E900B4FCCE /* LaunchScreen.storyboard */ = {
			isa = PBXVariantGroup;
			children = (
				D9AEACCE234523E900B4FCCE /* Base */,
			);
			name = LaunchScreen.storyboard;
			sourceTree = "<group>";
		};
/* End PBXVariantGroup section */

/* Begin XCBuildConfiguration section */
		D9AEACD1234523E900B4FCCE /* Debug */ = {
			isa = XCBuildConfiguration;
			buildSettings = {
				ALWAYS_SEARCH_USER_PATHS = NO;
				CLANG_ANALYZER_NONNULL = YES;
				CLANG_ANALYZER_NUMBER_OBJECT_CONVERSION = YES_AGGRESSIVE;
				CLANG_CXX_LANGUAGE_STANDARD = "gnu++14";
				CLANG_CXX_LIBRARY = "libc++";
				CLANG_ENABLE_MODULES = YES;
				CLANG_ENABLE_OBJC_ARC = YES;
				CLANG_ENABLE_OBJC_WEAK = YES;
				CLANG_WARN_BLOCK_CAPTURE_AUTORELEASING = YES;
				CLANG_WARN_BOOL_CONVERSION = YES;
				CLANG_WARN_COMMA = YES;
				CLANG_WARN_CONSTANT_CONVERSION = YES;
				CLANG_WARN_DEPRECATED_OBJC_IMPLEMENTATIONS = YES;
				CLANG_WARN_DIRECT_OBJC_ISA_USAGE = YES_ERROR;
				CLANG_WARN_DOCUMENTATION_COMMENTS = YES;
				CLANG_WARN_EMPTY_BODY = YES;
				CLANG_WARN_ENUM_CONVERSION = YES;
				CLANG_WARN_INFINITE_RECURSION = YES;
				CLANG_WARN_INT_CONVERSION = YES;
				CLANG_WARN_NON_LITERAL_NULL_CONVERSION = YES;
				CLANG_WARN_OBJC_IMPLICIT_RETAIN_SELF = YES;
				CLANG_WARN_OBJC_LITERAL_CONVERSION = YES;
				CLANG_WARN_OBJC_ROOT_CLASS = YES_ERROR;
				CLANG_WARN_RANGE_LOOP_ANALYSIS = YES;
				CLANG_WARN_STRICT_PROTOTYPES = YES;
				CLANG_WARN_SUSPICIOUS_MOVE = YES;
				CLANG_WARN_UNGUARDED_AVAILABILITY = YES_AGGRESSIVE;
				CLANG_WARN_UNREACHABLE_CODE = YES;
				CLANG_WARN__DUPLICATE_METHOD_MATCH = YES;
				COPY_PHASE_STRIP = NO;
				DEBUG_INFORMATION_FORMAT = dwarf;
				ENABLE_STRICT_OBJC_MSGSEND = YES;
				ENABLE_TESTABILITY = YES;
				GCC_C_LANGUAGE_STANDARD = gnu11;
				GCC_DYNAMIC_NO_PIC = NO;
				GCC_NO_COMMON_BLOCKS = YES;
				GCC_OPTIMIZATION_LEVEL = 0;
				GCC_PREPROCESSOR_DEFINITIONS = (
					"DEBUG=1",
					"$(inherited)",
				);
				GCC_WARN_64_TO_32_BIT_CONVERSION = YES;
				GCC_WARN_ABOUT_RETURN_TYPE = YES_ERROR;
				GCC_WARN_UNDECLARED_SELECTOR = YES;
				GCC_WARN_UNINITIALIZED_AUTOS = YES_AGGRESSIVE;
				GCC_WARN_UNUSED_FUNCTION = YES;
				GCC_WARN_UNUSED_VARIABLE = YES;
				IPHONEOS_DEPLOYMENT_TARGET = 13.0;
				MTL_ENABLE_DEBUG_INFO = INCLUDE_SOURCE;
				MTL_FAST_MATH = YES;
				ONLY_ACTIVE_ARCH = YES;
				SDKROOT = iphoneos;
				SWIFT_ACTIVE_COMPILATION_CONDITIONS = DEBUG;
				SWIFT_OPTIMIZATION_LEVEL = "-Onone";
			};
			name = Debug;
		};
		D9AEACD2234523E900B4FCCE /* Release */ = {
			isa = XCBuildConfiguration;
			buildSettings = {
				ALWAYS_SEARCH_USER_PATHS = NO;
				CLANG_ANALYZER_NONNULL = YES;
				CLANG_ANALYZER_NUMBER_OBJECT_CONVERSION = YES_AGGRESSIVE;
				CLANG_CXX_LANGUAGE_STANDARD = "gnu++14";
				CLANG_CXX_LIBRARY = "libc++";
				CLANG_ENABLE_MODULES = YES;
				CLANG_ENABLE_OBJC_ARC = YES;
				CLANG_ENABLE_OBJC_WEAK = YES;
				CLANG_WARN_BLOCK_CAPTURE_AUTORELEASING = YES;
				CLANG_WARN_BOOL_CONVERSION = YES;
				CLANG_WARN_COMMA = YES;
				CLANG_WARN_CONSTANT_CONVERSION = YES;
				CLANG_WARN_DEPRECATED_OBJC_IMPLEMENTATIONS = YES;
				CLANG_WARN_DIRECT_OBJC_ISA_USAGE = YES_ERROR;
				CLANG_WARN_DOCUMENTATION_COMMENTS = YES;
				CLANG_WARN_EMPTY_BODY = YES;
				CLANG_WARN_ENUM_CONVERSION = YES;
				CLANG_WARN_INFINITE_RECURSION = YES;
				CLANG_WARN_INT_CONVERSION = YES;
				CLANG_WARN_NON_LITERAL_NULL_CONVERSION = YES;
				CLANG_WARN_OBJC_IMPLICIT_RETAIN_SELF = YES;
				CLANG_WARN_OBJC_LITERAL_CONVERSION = YES;
				CLANG_WARN_OBJC_ROOT_CLASS = YES_ERROR;
				CLANG_WARN_RANGE_LOOP_ANALYSIS = YES;
				CLANG_WARN_STRICT_PROTOTYPES = YES;
				CLANG_WARN_SUSPICIOUS_MOVE = YES;
				CLANG_WARN_UNGUARDED_AVAILABILITY = YES_AGGRESSIVE;
				CLANG_WARN_UNREACHABLE_CODE = YES;
				CLANG_WARN__DUPLICATE_METHOD_MATCH = YES;
				COPY_PHASE_STRIP = NO;
				DEBUG_INFORMATION_FORMAT = "dwarf-with-dsym";
				ENABLE_NS_ASSERTIONS = NO;
				ENABLE_STRICT_OBJC_MSGSEND = YES;
				GCC_C_LANGUAGE_STANDARD = gnu11;
				GCC_NO_COMMON_BLOCKS = YES;
				GCC_WARN_64_TO_32_BIT_CONVERSION = YES;
				GCC_WARN_ABOUT_RETURN_TYPE = YES_ERROR;
				GCC_WARN_UNDECLARED_SELECTOR = YES;
				GCC_WARN_UNINITIALIZED_AUTOS = YES_AGGRESSIVE;
				GCC_WARN_UNUSED_FUNCTION = YES;
				GCC_WARN_UNUSED_VARIABLE = YES;
				IPHONEOS_DEPLOYMENT_TARGET = 13.0;
				MTL_ENABLE_DEBUG_INFO = NO;
				MTL_FAST_MATH = YES;
				SDKROOT = iphoneos;
				SWIFT_COMPILATION_MODE = wholemodule;
				SWIFT_OPTIMIZATION_LEVEL = "-O";
				VALIDATE_PRODUCT = YES;
			};
			name = Release;
		};
		D9AEACD4234523E900B4FCCE /* Debug */ = {
			isa = XCBuildConfiguration;
			baseConfigurationReference = 3EC91C8345238A1F087F0299 /* Pods-advanceAppIOS.debug.xcconfig */;
			buildSettings = {
				ASSETCATALOG_COMPILER_APPICON_NAME = AppIcon;
				CODE_SIGN_STYLE = Automatic;
				DEVELOPMENT_TEAM = 7ZSJKW89DB;
				INFOPLIST_FILE = advanceAppIOS/Info.plist;
				IPHONEOS_DEPLOYMENT_TARGET = 13.0;
				LD_RUNPATH_SEARCH_PATHS = (
					"$(inherited)",
					"@executable_path/Frameworks",
				);
				PRODUCT_BUNDLE_IDENTIFIER = com.kolbStudio.advanceAppIOS;
				PRODUCT_NAME = "$(TARGET_NAME)";
				SWIFT_VERSION = 5.0;
				TARGETED_DEVICE_FAMILY = "1,2";
			};
			name = Debug;
		};
		D9AEACD5234523E900B4FCCE /* Release */ = {
			isa = XCBuildConfiguration;
			baseConfigurationReference = 25EFA8E907287002BF8AFB0D /* Pods-advanceAppIOS.release.xcconfig */;
			buildSettings = {
				ASSETCATALOG_COMPILER_APPICON_NAME = AppIcon;
				CODE_SIGN_STYLE = Automatic;
				DEVELOPMENT_TEAM = 7ZSJKW89DB;
				INFOPLIST_FILE = advanceAppIOS/Info.plist;
				IPHONEOS_DEPLOYMENT_TARGET = 13.0;
				LD_RUNPATH_SEARCH_PATHS = (
					"$(inherited)",
					"@executable_path/Frameworks",
				);
				PRODUCT_BUNDLE_IDENTIFIER = com.kolbStudio.advanceAppIOS;
				PRODUCT_NAME = "$(TARGET_NAME)";
				SWIFT_VERSION = 5.0;
				TARGETED_DEVICE_FAMILY = "1,2";
			};
			name = Release;
		};
/* End XCBuildConfiguration section */

/* Begin XCConfigurationList section */
		D9AEACBA234523E700B4FCCE /* Build configuration list for PBXProject "advanceAppIOS" */ = {
			isa = XCConfigurationList;
			buildConfigurations = (
				D9AEACD1234523E900B4FCCE /* Debug */,
				D9AEACD2234523E900B4FCCE /* Release */,
			);
			defaultConfigurationIsVisible = 0;
			defaultConfigurationName = Release;
		};
		D9AEACD3234523E900B4FCCE /* Build configuration list for PBXNativeTarget "advanceAppIOS" */ = {
			isa = XCConfigurationList;
			buildConfigurations = (
				D9AEACD4234523E900B4FCCE /* Debug */,
				D9AEACD5234523E900B4FCCE /* Release */,
			);
			defaultConfigurationIsVisible = 0;
			defaultConfigurationName = Release;
		};
/* End XCConfigurationList section */
	};
	rootObject = D9AEACB7234523E700B4FCCE /* Project object */;
}
